
Microsoft Visual Studio Solution File, Format Version 12.00
# Visual Studio 14
VisualStudioVersion = 14.0.25420.1
MinimumVisualStudioVersion = 10.0.40219.1
Project("{FAE04EC0-301F-11D3-BF4B-00C04F79EFBC}") = "StreetFighter.Web", "StreetFighter.Web\StreetFighter.Web.csproj", "{29A57F6A-9307-478A-B664-FE6533AA73E2}"
EndProject
Project("{FAE04EC0-301F-11D3-BF4B-00C04F79EFBC}") = "StreetFighter.Aplicativo", "StreetFighter.Aplicativo\StreetFighter.Aplicativo.csproj", "{A3B573F2-6FA0-4410-8CA9-6BEC9335DA00}"
EndProject
Project("{FAE04EC0-301F-11D3-BF4B-00C04F79EFBC}") = "StreetFighter.Dominio", "StreetFighter.Dominio\StreetFighter.Dominio.csproj", "{C1ADCE3E-6353-4C0E-8B1C-E9F9A115D044}"
EndProject
Project("{FAE04EC0-301F-11D3-BF4B-00C04F79EFBC}") = "StreetFighter.Repositorio", "StreetFighter.Repositorio\StreetFighter.Repositorio.csproj", "{324FBB9A-3F98-44DB-AEA1-6618C783DD2A}"
EndProject
Project("{FAE04EC0-301F-11D3-BF4B-00C04F79EFBC}") = "StreetFighter.Testes", "StreetFighter.Testes\StreetFighter.Testes.csproj", "{4A705EB9-B4C4-471F-B6E2-CB2D80FEB543}"
EndProject
Project("{FAE04EC0-301F-11D3-BF4B-00C04F79EFBC}") = "StreetFighter.RepositorioEF", "StreetFighter.RespositorioEF\StreetFighter.RepositorioEF.csproj", "{A0DF8237-5621-4175-A59C-3187D7CA835E}"
EndProject
Global
	GlobalSection(SolutionConfigurationPlatforms) = preSolution
		Debug|Any CPU = Debug|Any CPU
		Release|Any CPU = Release|Any CPU
	EndGlobalSection
	GlobalSection(ProjectConfigurationPlatforms) = postSolution
		{29A57F6A-9307-478A-B664-FE6533AA73E2}.Debug|Any CPU.ActiveCfg = Debug|Any CPU
		{29A57F6A-9307-478A-B664-FE6533AA73E2}.Debug|Any CPU.Build.0 = Debug|Any CPU
		{29A57F6A-9307-478A-B664-FE6533AA73E2}.Release|Any CPU.ActiveCfg = Release|Any CPU
		{29A57F6A-9307-478A-B664-FE6533AA73E2}.Release|Any CPU.Build.0 = Release|Any CPU
		{A3B573F2-6FA0-4410-8CA9-6BEC9335DA00}.Debug|Any CPU.ActiveCfg = Debug|Any CPU
		{A3B573F2-6FA0-4410-8CA9-6BEC9335DA00}.Debug|Any CPU.Build.0 = Debug|Any CPU
		{A3B573F2-6FA0-4410-8CA9-6BEC9335DA00}.Release|Any CPU.ActiveCfg = Release|Any CPU
		{A3B573F2-6FA0-4410-8CA9-6BEC9335DA00}.Release|Any CPU.Build.0 = Release|Any CPU
		{C1ADCE3E-6353-4C0E-8B1C-E9F9A115D044}.Debug|Any CPU.ActiveCfg = Debug|Any CPU
		{C1ADCE3E-6353-4C0E-8B1C-E9F9A115D044}.Debug|Any CPU.Build.0 = Debug|Any CPU
		{C1ADCE3E-6353-4C0E-8B1C-E9F9A115D044}.Release|Any CPU.ActiveCfg = Release|Any CPU
		{C1ADCE3E-6353-4C0E-8B1C-E9F9A115D044}.Release|Any CPU.Build.0 = Release|Any CPU
		{324FBB9A-3F98-44DB-AEA1-6618C783DD2A}.Debug|Any CPU.ActiveCfg = Debug|Any CPU
		{324FBB9A-3F98-44DB-AEA1-6618C783DD2A}.Debug|Any CPU.Build.0 = Debug|Any CPU
		{324FBB9A-3F98-44DB-AEA1-6618C783DD2A}.Release|Any CPU.ActiveCfg = Release|Any CPU
		{324FBB9A-3F98-44DB-AEA1-6618C783DD2A}.Release|Any CPU.Build.0 = Release|Any CPU
		{4A705EB9-B4C4-471F-B6E2-CB2D80FEB543}.Debug|Any CPU.ActiveCfg = Debug|Any CPU
		{4A705EB9-B4C4-471F-B6E2-CB2D80FEB543}.Debug|Any CPU.Build.0 = Debug|Any CPU
		{4A705EB9-B4C4-471F-B6E2-CB2D80FEB543}.Release|Any CPU.ActiveCfg = Release|Any CPU
		{4A705EB9-B4C4-471F-B6E2-CB2D80FEB543}.Release|Any CPU.Build.0 = Release|Any CPU
		{A0DF8237-5621-4175-A59C-3187D7CA835E}.Debug|Any CPU.ActiveCfg = Debug|Any CPU
		{A0DF8237-5621-4175-A59C-3187D7CA835E}.Debug|Any CPU.Build.0 = Debug|Any CPU
		{A0DF8237-5621-4175-A59C-3187D7CA835E}.Release|Any CPU.ActiveCfg = Release|Any CPU
		{A0DF8237-5621-4175-A59C-3187D7CA835E}.Release|Any CPU.Build.0 = Release|Any CPU
	EndGlobalSection
	GlobalSection(SolutionProperties) = preSolution
		HideSolutionNode = FALSE
	EndGlobalSection
EndGlobal
