
Microsoft Visual Studio Solution File, Format Version 12.00
# Visual Studio 14
VisualStudioVersion = 14.0.25420.1
MinimumVisualStudioVersion = 10.0.40219.1
Project("{FAE04EC0-301F-11D3-BF4B-00C04F79EFBC}") = "Projeto2Evento", "Projeto2Evento\Projeto2Evento.csproj", "{539AD762-17E1-4FD0-B140-608953EA4583}"
EndProject
Project("{FAE04EC0-301F-11D3-BF4B-00C04F79EFBC}") = "Projeto2Evento.Repositorio", "Projeto2Evento.Repositorio\Projeto2Evento.Repositorio.csproj", "{CB32AEC7-D7F2-46F8-ACCA-A8C5B0A9BA62}"
EndProject
Project("{FAE04EC0-301F-11D3-BF4B-00C04F79EFBC}") = "Projeto2Evento-Dominio", "Projeto2Evento-Dominio\Projeto2Evento-Dominio.csproj", "{B5E39245-A44B-4E98-97F3-2A86E49EA3AA}"
EndProject
Project("{FAE04EC0-301F-11D3-BF4B-00C04F79EFBC}") = "Projeto2Evento-Aplicacao", "Projeto2Evento-Aplicacao\Projeto2Evento-Aplicacao.csproj", "{CF798560-75AF-4935-A769-654892B87FBC}"
EndProject
Global
	GlobalSection(SolutionConfigurationPlatforms) = preSolution
		Debug|Any CPU = Debug|Any CPU
		Release|Any CPU = Release|Any CPU
	EndGlobalSection
	GlobalSection(ProjectConfigurationPlatforms) = postSolution
		{539AD762-17E1-4FD0-B140-608953EA4583}.Debug|Any CPU.ActiveCfg = Debug|Any CPU
		{539AD762-17E1-4FD0-B140-608953EA4583}.Debug|Any CPU.Build.0 = Debug|Any CPU
		{539AD762-17E1-4FD0-B140-608953EA4583}.Release|Any CPU.ActiveCfg = Release|Any CPU
		{539AD762-17E1-4FD0-B140-608953EA4583}.Release|Any CPU.Build.0 = Release|Any CPU
		{CB32AEC7-D7F2-46F8-ACCA-A8C5B0A9BA62}.Debug|Any CPU.ActiveCfg = Debug|Any CPU
		{CB32AEC7-D7F2-46F8-ACCA-A8C5B0A9BA62}.Debug|Any CPU.Build.0 = Debug|Any CPU
		{CB32AEC7-D7F2-46F8-ACCA-A8C5B0A9BA62}.Release|Any CPU.ActiveCfg = Release|Any CPU
		{CB32AEC7-D7F2-46F8-ACCA-A8C5B0A9BA62}.Release|Any CPU.Build.0 = Release|Any CPU
		{B5E39245-A44B-4E98-97F3-2A86E49EA3AA}.Debug|Any CPU.ActiveCfg = Debug|Any CPU
		{B5E39245-A44B-4E98-97F3-2A86E49EA3AA}.Debug|Any CPU.Build.0 = Debug|Any CPU
		{B5E39245-A44B-4E98-97F3-2A86E49EA3AA}.Release|Any CPU.ActiveCfg = Release|Any CPU
		{B5E39245-A44B-4E98-97F3-2A86E49EA3AA}.Release|Any CPU.Build.0 = Release|Any CPU
		{CF798560-75AF-4935-A769-654892B87FBC}.Debug|Any CPU.ActiveCfg = Debug|Any CPU
		{CF798560-75AF-4935-A769-654892B87FBC}.Debug|Any CPU.Build.0 = Debug|Any CPU
		{CF798560-75AF-4935-A769-654892B87FBC}.Release|Any CPU.ActiveCfg = Release|Any CPU
		{CF798560-75AF-4935-A769-654892B87FBC}.Release|Any CPU.Build.0 = Release|Any CPU
	EndGlobalSection
	GlobalSection(SolutionProperties) = preSolution
		HideSolutionNode = FALSE
	EndGlobalSection
EndGlobal
